
Microsoft Visual Studio Solution File, Format Version 12.00
# Visual Studio Version 17
VisualStudioVersion = 17.0.31912.275
MinimumVisualStudioVersion = 10.0.40219.1
Project("{FAE04EC0-301F-11D3-BF4B-00C04F79EFBC}") = "CinemaBooking", "CinemaBooking\CinemaBooking.csproj", "{E5D43502-908D-4E9F-BE86-86AAB97B7F9C}"
EndProject
Global
	GlobalSection(SolutionConfigurationPlatforms) = preSolution
		Debug|Any CPU = Debug|Any CPU
		Release|Any CPU = Release|Any CPU
	EndGlobalSection
	GlobalSection(ProjectConfigurationPlatforms) = postSolution
		{E5D43502-908D-4E9F-BE86-86AAB97B7F9C}.Debug|Any CPU.ActiveCfg = Debug|Any CPU
		{E5D43502-908D-4E9F-BE86-86AAB97B7F9C}.Debug|Any CPU.Build.0 = Debug|Any CPU
		{E5D43502-908D-4E9F-BE86-86AAB97B7F9C}.Release|Any CPU.ActiveCfg = Release|Any CPU
		{E5D43502-908D-4E9F-BE86-86AAB97B7F9C}.Release|Any CPU.Build.0 = Release|Any CPU
	EndGlobalSection
	GlobalSection(SolutionProperties) = preSolution
		HideSolutionNode = FALSE
	EndGlobalSection
	GlobalSection(ExtensibilityGlobals) = postSolution
		SolutionGuid = {B5A7052F-143C-4035-A97E-A2E87B386309}
	EndGlobalSection
EndGlobal
